
Microsoft Visual Studio Solution File, Format Version 12.00
# Visual Studio Version 17
VisualStudioVersion = 17.9.34728.123
MinimumVisualStudioVersion = 10.0.40219.1
Project("{FAE04EC0-301F-11D3-BF4B-00C04F79EFBC}") = "la-mia-pizzeria-static", "la-mia-pizzeria-static\la-mia-pizzeria-static.csproj", "{D91FD450-6E93-4458-93EF-22CC22BFB90C}"
EndProject
Global
	GlobalSection(SolutionConfigurationPlatforms) = preSolution
		Debug|Any CPU = Debug|Any CPU
		Release|Any CPU = Release|Any CPU
	EndGlobalSection
	GlobalSection(ProjectConfigurationPlatforms) = postSolution
		{D91FD450-6E93-4458-93EF-22CC22BFB90C}.Debug|Any CPU.ActiveCfg = Debug|Any CPU
		{D91FD450-6E93-4458-93EF-22CC22BFB90C}.Debug|Any CPU.Build.0 = Debug|Any CPU
		{D91FD450-6E93-4458-93EF-22CC22BFB90C}.Release|Any CPU.ActiveCfg = Release|Any CPU
		{D91FD450-6E93-4458-93EF-22CC22BFB90C}.Release|Any CPU.Build.0 = Release|Any CPU
	EndGlobalSection
	GlobalSection(SolutionProperties) = preSolution
		HideSolutionNode = FALSE
	EndGlobalSection
	GlobalSection(ExtensibilityGlobals) = postSolution
		SolutionGuid = {FC73DE91-6DF0-4510-877F-490238B87A55}
	EndGlobalSection
EndGlobal
